
Microsoft Visual Studio Solution File, Format Version 12.00
Project("{FAE04EC0-301F-11D3-BF4B-00C04F79EFBC}") = "ESchoolApi", "ESchoolApi\ESchoolApi.csproj", "{01818F91-EB84-4D72-A34D-ABD37C959F81}"
EndProject
Project("{FAE04EC0-301F-11D3-BF4B-00C04F79EFBC}") = "ESchoolWeb", "ESchoolWeb\ESchoolWeb.csproj", "{9B41E6E9-9448-4207-8F23-C38C3C4E71DB}"
EndProject
Global
	GlobalSection(SolutionConfigurationPlatforms) = preSolution
		Debug|Any CPU = Debug|Any CPU
		Release|Any CPU = Release|Any CPU
	EndGlobalSection
	GlobalSection(ProjectConfigurationPlatforms) = postSolution
		{01818F91-EB84-4D72-A34D-ABD37C959F81}.Debug|Any CPU.ActiveCfg = Debug|Any CPU
		{01818F91-EB84-4D72-A34D-ABD37C959F81}.Debug|Any CPU.Build.0 = Debug|Any CPU
		{01818F91-EB84-4D72-A34D-ABD37C959F81}.Release|Any CPU.ActiveCfg = Release|Any CPU
		{01818F91-EB84-4D72-A34D-ABD37C959F81}.Release|Any CPU.Build.0 = Release|Any CPU
		{9B41E6E9-9448-4207-8F23-C38C3C4E71DB}.Debug|Any CPU.ActiveCfg = Debug|Any CPU
		{9B41E6E9-9448-4207-8F23-C38C3C4E71DB}.Debug|Any CPU.Build.0 = Debug|Any CPU
		{9B41E6E9-9448-4207-8F23-C38C3C4E71DB}.Release|Any CPU.ActiveCfg = Release|Any CPU
		{9B41E6E9-9448-4207-8F23-C38C3C4E71DB}.Release|Any CPU.Build.0 = Release|Any CPU
	EndGlobalSection
EndGlobal
